
Microsoft Visual Studio Solution File, Format Version 12.00
# Visual Studio Version 17
VisualStudioVersion = 17.6.33723.286
MinimumVisualStudioVersion = 10.0.40219.1
Project("{9A19103F-16F7-4668-BE54-9A1E7A4F7556}") = "FarmsRamirezDAL", "FarmsRamirezDAL\FarmsRamirezDAL.csproj", "{C566D4A1-C6BE-4FA9-B51C-0CD53A2785AF}"
EndProject
Project("{FAE04EC0-301F-11D3-BF4B-00C04F79EFBC}") = "FarmsRamirezBML", "FarmsRamirezBML\FarmsRamirezBML.csproj", "{93B95687-AA7D-47EE-A7ED-2CB3832B131C}"
EndProject
Project("{9A19103F-16F7-4668-BE54-9A1E7A4F7556}") = "SimiSoft", "SimiSoft\SimiSoft.csproj", "{AF561A79-D784-45F4-992A-7E2A5D726AE9}"
EndProject
Global
	GlobalSection(SolutionConfigurationPlatforms) = preSolution
		Debug|Any CPU = Debug|Any CPU
		Release|Any CPU = Release|Any CPU
	EndGlobalSection
	GlobalSection(ProjectConfigurationPlatforms) = postSolution
		{C566D4A1-C6BE-4FA9-B51C-0CD53A2785AF}.Debug|Any CPU.ActiveCfg = Debug|Any CPU
		{C566D4A1-C6BE-4FA9-B51C-0CD53A2785AF}.Debug|Any CPU.Build.0 = Debug|Any CPU
		{C566D4A1-C6BE-4FA9-B51C-0CD53A2785AF}.Release|Any CPU.ActiveCfg = Release|Any CPU
		{C566D4A1-C6BE-4FA9-B51C-0CD53A2785AF}.Release|Any CPU.Build.0 = Release|Any CPU
		{93B95687-AA7D-47EE-A7ED-2CB3832B131C}.Debug|Any CPU.ActiveCfg = Debug|Any CPU
		{93B95687-AA7D-47EE-A7ED-2CB3832B131C}.Debug|Any CPU.Build.0 = Debug|Any CPU
		{93B95687-AA7D-47EE-A7ED-2CB3832B131C}.Release|Any CPU.ActiveCfg = Release|Any CPU
		{93B95687-AA7D-47EE-A7ED-2CB3832B131C}.Release|Any CPU.Build.0 = Release|Any CPU
		{AF561A79-D784-45F4-992A-7E2A5D726AE9}.Debug|Any CPU.ActiveCfg = Debug|Any CPU
		{AF561A79-D784-45F4-992A-7E2A5D726AE9}.Debug|Any CPU.Build.0 = Debug|Any CPU
		{AF561A79-D784-45F4-992A-7E2A5D726AE9}.Release|Any CPU.ActiveCfg = Release|Any CPU
		{AF561A79-D784-45F4-992A-7E2A5D726AE9}.Release|Any CPU.Build.0 = Release|Any CPU
	EndGlobalSection
	GlobalSection(SolutionProperties) = preSolution
		HideSolutionNode = FALSE
	EndGlobalSection
	GlobalSection(ExtensibilityGlobals) = postSolution
		SolutionGuid = {5E74A283-78CA-40AE-BFC4-4E074F46880D}
	EndGlobalSection
EndGlobal
